// !$*UTF8*$!
{
	archiveVersion = 1;
	classes = {
	};
	objectVersion = 48;
	objects = {

/* Begin PBXBuildFile section */
		2052E1162161D1EF004B8325 /* AppDelegate.swift in Sources */ = {isa = PBXBuildFile; fileRef = 2052E1152161D1EF004B8325 /* AppDelegate.swift */; };
		2052E1182161D1EF004B8325 /* ViewController.swift in Sources */ = {isa = PBXBuildFile; fileRef = 2052E1172161D1EF004B8325 /* ViewController.swift */; };
		2052E11B2161D1EF004B8325 /* Main.storyboard in Resources */ = {isa = PBXBuildFile; fileRef = 2052E1192161D1EF004B8325 /* Main.storyboard */; };
		2052E11D2161D1EF004B8325 /* Assets.xcassets in Resources */ = {isa = PBXBuildFile; fileRef = 2052E11C2161D1EF004B8325 /* Assets.xcassets */; };
		2052E1202161D1EF004B8325 /* LaunchScreen.storyboard in Resources */ = {isa = PBXBuildFile; fileRef = 2052E11E2161D1EF004B8325 /* LaunchScreen.storyboard */; };
		2052E12B2161D1F0004B8325 /* HelloTests.swift in Sources */ = {isa = PBXBuildFile; fileRef = 2052E12A2161D1F0004B8325 /* HelloTests.swift */; };
		2052E1362161D1F0004B8325 /* HelloUITests.swift in Sources */ = {isa = PBXBuildFile; fileRef = 2052E1352161D1F0004B8325 /* HelloUITests.swift */; };
/* End PBXBuildFile section */

/* Begin PBXContainerItemProxy section */
		2052E1272161D1F0004B8325 /* PBXContainerItemProxy */ = {
			isa = PBXContainerItemProxy;
			containerPortal = 2052E10A2161D1EF004B8325 /* Project object */;
			proxyType = 1;
			remoteGlobalIDString = 2052E1112161D1EF004B8325;
			remoteInfo = Hello;
		};
		2052E1322161D1F0004B8325 /* PBXContainerItemProxy */ = {
			isa = PBXContainerItemProxy;
			containerPortal = 2052E10A2161D1EF004B8325 /* Project object */;
			proxyType = 1;
			remoteGlobalIDString = 2052E1112161D1EF004B8325;
			remoteInfo = Hello;
		};
/* End PBXContainerItemProxy section */

/* Begin PBXFileReference section */
		2052E1122161D1EF004B8325 /* Hello.app */ = {isa = PBXFileReference; explicitFileType = wrapper.application; includeInIndex = 0; path = Hello.app; sourceTree = BUILT_PRODUCTS_DIR; };
		2052E1152161D1EF004B8325 /* AppDelegate.swift */ = {isa = PBXFileReference; lastKnownFileType = sourcecode.swift; path = AppDelegate.swift; sourceTree = "<group>"; };
		2052E1172161D1EF004B8325 /* ViewController.swift */ = {isa = PBXFileReference; lastKnownFileType = sourcecode.swift; path = ViewController.swift; sourceTree = "<group>"; };
		2052E11A2161D1EF004B8325 /* Base */ = {isa = PBXFileReference; lastKnownFileType = file.storyboard; name = Base; path = Base.lproj/Main.storyboard; sourceTree = "<group>"; };
		2052E11C2161D1EF004B8325 /* Assets.xcassets */ = {isa = PBXFileReference; lastKnownFileType = folder.assetcatalog; path = Assets.xcassets; sourceTree = "<group>"; };
		2052E11F2161D1EF004B8325 /* Base */ = {isa = PBXFileReference; lastKnownFileType = file.storyboard; name = Base; path = Base.lproj/LaunchScreen.storyboard; sourceTree = "<group>"; };
		2052E1212161D1EF004B8325 /* Info.plist */ = {isa = PBXFileReference; lastKnownFileType = text.plist.xml; path = Info.plist; sourceTree = "<group>"; };
		2052E1262161D1F0004B8325 /* HelloTests.xctest */ = {isa = PBXFileReference; explicitFileType = wrapper.cfbundle; includeInIndex = 0; path = HelloTests.xctest; sourceTree = BUILT_PRODUCTS_DIR; };
		2052E12A2161D1F0004B8325 /* HelloTests.swift */ = {isa = PBXFileReference; lastKnownFileType = sourcecode.swift; path = HelloTests.swift; sourceTree = "<group>"; };
		2052E12C2161D1F0004B8325 /* Info.plist */ = {isa = PBXFileReference; lastKnownFileType = text.plist.xml; path = Info.plist; sourceTree = "<group>"; };
		2052E1312161D1F0004B8325 /* HelloUITests.xctest */ = {isa = PBXFileReference; explicitFileType = wrapper.cfbundle; includeInIndex = 0; path = HelloUITests.xctest; sourceTree = BUILT_PRODUCTS_DIR; };
		2052E1352161D1F0004B8325 /* HelloUITests.swift */ = {isa = PBXFileReference; lastKnownFileType = sourcecode.swift; path = HelloUITests.swift; sourceTree = "<group>"; };
		2052E1372161D1F0004B8325 /* Info.plist */ = {isa = PBXFileReference; lastKnownFileType = text.plist.xml; path = Info.plist; sourceTree = "<group>"; };
/* End PBXFileReference section */

/* Begin PBXFrameworksBuildPhase section */
		2052E10F2161D1EF004B8325 /* Frameworks */ = {
			isa = PBXFrameworksBuildPhase;
			buildActionMask = 2147483647;
			files = (
			);
			runOnlyForDeploymentPostprocessing = 0;
		};
		2052E1232161D1F0004B8325 /* Frameworks */ = {
			isa = PBXFrameworksBuildPhase;
			buildActionMask = 2147483647;
			files = (
			);
			runOnlyForDeploymentPostprocessing = 0;
		};
		2052E12E2161D1F0004B8325 /* Frameworks */ = {
			isa = PBXFrameworksBuildPhase;
			buildActionMask = 2147483647;
			files = (
			);
			runOnlyForDeploymentPostprocessing = 0;
		};
/* End PBXFrameworksBuildPhase section */

/* Begin PBXGroup section */
		2052E1092161D1EF004B8325 = {
			isa = PBXGroup;
			children = (
				2052E1142161D1EF004B8325 /* Hello */,
				2052E1292161D1F0004B8325 /* HelloTests */,
				2052E1342161D1F0004B8325 /* HelloUITests */,
				2052E1132161D1EF004B8325 /* Products */,
			);
			sourceTree = "<group>";
		};
		2052E1132161D1EF004B8325 /* Products */ = {
			isa = PBXGroup;
			children = (
				2052E1122161D1EF004B8325 /* Hello.app */,
				2052E1262161D1F0004B8325 /* HelloTests.xctest */,
				2052E1312161D1F0004B8325 /* HelloUITests.xctest */,
			);
			name = Products;
			sourceTree = "<group>";
		};
		2052E1142161D1EF004B8325 /* Hello */ = {
			isa = PBXGroup;
			children = (
				2052E1152161D1EF004B8325 /* AppDelegate.swift */,
				2052E1172161D1EF004B8325 /* ViewController.swift */,
				2052E1192161D1EF004B8325 /* Main.storyboard */,
				2052E11C2161D1EF004B8325 /* Assets.xcassets */,
				2052E11E2161D1EF004B8325 /* LaunchScreen.storyboard */,
				2052E1212161D1EF004B8325 /* Info.plist */,
			);
			path = Hello;
			sourceTree = "<group>";
		};
		2052E1292161D1F0004B8325 /* HelloTests */ = {
			isa = PBXGroup;
			children = (
				2052E12A2161D1F0004B8325 /* HelloTests.swift */,
				2052E12C2161D1F0004B8325 /* Info.plist */,
			);
			path = HelloTests;
			sourceTree = "<group>";
		};
		2052E1342161D1F0004B8325 /* HelloUITests */ = {
			isa = PBXGroup;
			children = (
				2052E1352161D1F0004B8325 /* HelloUITests.swift */,
				2052E1372161D1F0004B8325 /* Info.plist */,
			);
			path = HelloUITests;
			sourceTree = "<group>";
		};
/* End PBXGroup section */

/* Begin PBXNativeTarget section */
		2052E1112161D1EF004B8325 /* Hello */ = {
			isa = PBXNativeTarget;
			buildConfigurationList = 2052E13A2161D1F0004B8325 /* Build configuration list for PBXNativeTarget "Hello" */;
			buildPhases = (
				2052E10E2161D1EF004B8325 /* Sources */,
				2052E10F2161D1EF004B8325 /* Frameworks */,
				2052E1102161D1EF004B8325 /* Resources */,
			);
			buildRules = (
			);
			dependencies = (
			);
			name = Hello;
			productName = Hello;
			productReference = 2052E1122161D1EF004B8325 /* Hello.app */;
			productType = "com.apple.product-type.application";
		};
		2052E1252161D1F0004B8325 /* HelloTests */ = {
			isa = PBXNativeTarget;
			buildConfigurationList = 2052E13D2161D1F0004B8325 /* Build configuration list for PBXNativeTarget "HelloTests" */;
			buildPhases = (
				2052E1222161D1F0004B8325 /* Sources */,
				2052E1232161D1F0004B8325 /* Frameworks */,
				2052E1242161D1F0004B8325 /* Resources */,
			);
			buildRules = (
			);
			dependencies = (
				2052E1282161D1F0004B8325 /* PBXTargetDependency */,
			);
			name = HelloTests;
			productName = HelloTests;
			productReference = 2052E1262161D1F0004B8325 /* HelloTests.xctest */;
			productType = "com.apple.product-type.bundle.unit-test";
		};
		2052E1302161D1F0004B8325 /* HelloUITests */ = {
			isa = PBXNativeTarget;
			buildConfigurationList = 2052E1402161D1F0004B8325 /* Build configuration list for PBXNativeTarget "HelloUITests" */;
			buildPhases = (
				2052E12D2161D1F0004B8325 /* Sources */,
				2052E12E2161D1F0004B8325 /* Frameworks */,
				2052E12F2161D1F0004B8325 /* Resources */,
			);
			buildRules = (
			);
			dependencies = (
				2052E1332161D1F0004B8325 /* PBXTargetDependency */,
			);
			name = HelloUITests;
			productName = HelloUITests;
			productReference = 2052E1312161D1F0004B8325 /* HelloUITests.xctest */;
			productType = "com.apple.product-type.bundle.ui-testing";
		};
/* End PBXNativeTarget section */

/* Begin PBXProject section */
		2052E10A2161D1EF004B8325 /* Project object */ = {
			isa = PBXProject;
			attributes = {
				LastSwiftUpdateCheck = 0920;
				LastUpgradeCheck = 0920;
				ORGANIZATIONNAME = "Arman Shah";
				TargetAttributes = {
					2052E1112161D1EF004B8325 = {
						CreatedOnToolsVersion = 9.2;
						ProvisioningStyle = Automatic;
					};
					2052E1252161D1F0004B8325 = {
						CreatedOnToolsVersion = 9.2;
						ProvisioningStyle = Automatic;
						TestTargetID = 2052E1112161D1EF004B8325;
					};
					2052E1302161D1F0004B8325 = {
						CreatedOnToolsVersion = 9.2;
						ProvisioningStyle = Automatic;
						TestTargetID = 2052E1112161D1EF004B8325;
					};
				};
			};
			buildConfigurationList = 2052E10D2161D1EF004B8325 /* Build configuration list for PBXProject "Hello" */;
			compatibilityVersion = "Xcode 8.0";
			developmentRegion = en;
			hasScannedForEncodings = 0;
			knownRegions = (
				en,
				Base,
			);
			mainGroup = 2052E1092161D1EF004B8325;
			productRefGroup = 2052E1132161D1EF004B8325 /* Products */;
			projectDirPath = "";
			projectRoot = "";
			targets = (
				2052E1112161D1EF004B8325 /* Hello */,
				2052E1252161D1F0004B8325 /* HelloTests */,
				2052E1302161D1F0004B8325 /* HelloUITests */,
			);
		};
/* End PBXProject section */

/* Begin PBXResourcesBuildPhase section */
		2052E1102161D1EF004B8325 /* Resources */ = {
			isa = PBXResourcesBuildPhase;
			buildActionMask = 2147483647;
			files = (
				2052E1202161D1EF004B8325 /* LaunchScreen.storyboard in Resources */,
				2052E11D2161D1EF004B8325 /* Assets.xcassets in Resources */,
				2052E11B2161D1EF004B8325 /* Main.storyboard in Resources */,
			);
			runOnlyForDeploymentPostprocessing = 0;
		};
		2052E1242161D1F0004B8325 /* Resources */ = {
			isa = PBXResourcesBuildPhase;
			buildActionMask = 2147483647;
			files = (
			);
			runOnlyForDeploymentPostprocessing = 0;
		};
		2052E12F2161D1F0004B8325 /* Resources */ = {
			isa = PBXResourcesBuildPhase;
			buildActionMask = 2147483647;
			files = (
			);
			runOnlyForDeploymentPostprocessing = 0;
		};
/* End PBXResourcesBuildPhase section */

/* Begin PBXSourcesBuildPhase section */
		2052E10E2161D1EF004B8325 /* Sources */ = {
			isa = PBXSourcesBuildPhase;
			buildActionMask = 2147483647;
			files = (
				2052E1182161D1EF004B8325 /* ViewController.swift in Sources */,
				2052E1162161D1EF004B8325 /* AppDelegate.swift in Sources */,
			);
			runOnlyForDeploymentPostprocessing = 0;
		};
		2052E1222161D1F0004B8325 /* Sources */ = {
			isa = PBXSourcesBuildPhase;
			buildActionMask = 2147483647;
			files = (
				2052E12B2161D1F0004B8325 /* HelloTests.swift in Sources */,
			);
			runOnlyForDeploymentPostprocessing = 0;
		};
		2052E12D2161D1F0004B8325 /* Sources */ = {
			isa = PBXSourcesBuildPhase;
			buildActionMask = 2147483647;
			files = (
				2052E1362161D1F0004B8325 /* HelloUITests.swift in Sources */,
			);
			runOnlyForDeploymentPostprocessing = 0;
		};
/* End PBXSourcesBuildPhase section */

/* Begin PBXTargetDependency section */
		2052E1282161D1F0004B8325 /* PBXTargetDependency */ = {
			isa = PBXTargetDependency;
			target = 2052E1112161D1EF004B8325 /* Hello */;
			targetProxy = 2052E1272161D1F0004B8325 /* PBXContainerItemProxy */;
		};
		2052E1332161D1F0004B8325 /* PBXTargetDependency */ = {
			isa = PBXTargetDependency;
			target = 2052E1112161D1EF004B8325 /* Hello */;
			targetProxy = 2052E1322161D1F0004B8325 /* PBXContainerItemProxy */;
		};
/* End PBXTargetDependency section */

/* Begin PBXVariantGroup section */
		2052E1192161D1EF004B8325 /* Main.storyboard */ = {
			isa = PBXVariantGroup;
			children = (
				2052E11A2161D1EF004B8325 /* Base */,
			);
			name = Main.storyboard;
			sourceTree = "<group>";
		};
		2052E11E2161D1EF004B8325 /* LaunchScreen.storyboard */ = {
			isa = PBXVariantGroup;
			children = (
				2052E11F2161D1EF004B8325 /* Base */,
			);
			name = LaunchScreen.storyboard;
			sourceTree = "<group>";
		};
/* End PBXVariantGroup section */

/* Begin XCBuildConfiguration section */
		2052E1382161D1F0004B8325 /* Debug */ = {
			isa = XCBuildConfiguration;
			buildSettings = {
				ALWAYS_SEARCH_USER_PATHS = NO;
				CLANG_ANALYZER_NONNULL = YES;
				CLANG_ANALYZER_NUMBER_OBJECT_CONVERSION = YES_AGGRESSIVE;
				CLANG_CXX_LANGUAGE_STANDARD = "gnu++14";
				CLANG_CXX_LIBRARY = "libc++";
				CLANG_ENABLE_MODULES = YES;
				CLANG_ENABLE_OBJC_ARC = YES;
				CLANG_WARN_BLOCK_CAPTURE_AUTORELEASING = YES;
				CLANG_WARN_BOOL_CONVERSION = YES;
				CLANG_WARN_COMMA = YES;
				CLANG_WARN_CONSTANT_CONVERSION = YES;
				CLANG_WARN_DIRECT_OBJC_ISA_USAGE = YES_ERROR;
				CLANG_WARN_DOCUMENTATION_COMMENTS = YES;
				CLANG_WARN_EMPTY_BODY = YES;
				CLANG_WARN_ENUM_CONVERSION = YES;
				CLANG_WARN_INFINITE_RECURSION = YES;
				CLANG_WARN_INT_CONVERSION = YES;
				CLANG_WARN_NON_LITERAL_NULL_CONVERSION = YES;
				CLANG_WARN_OBJC_LITERAL_CONVERSION = YES;
				CLANG_WARN_OBJC_ROOT_CLASS = YES_ERROR;
				CLANG_WARN_RANGE_LOOP_ANALYSIS = YES;
				CLANG_WARN_STRICT_PROTOTYPES = YES;
				CLANG_WARN_SUSPICIOUS_MOVE = YES;
				CLANG_WARN_UNGUARDED_AVAILABILITY = YES_AGGRESSIVE;
				CLANG_WARN_UNREACHABLE_CODE = YES;
				CLANG_WARN__DUPLICATE_METHOD_MATCH = YES;
				CODE_SIGN_IDENTITY = "iPhone Developer";
				COPY_PHASE_STRIP = NO;
				DEBUG_INFORMATION_FORMAT = dwarf;
				ENABLE_STRICT_OBJC_MSGSEND = YES;
				ENABLE_TESTABILITY = YES;
				GCC_C_LANGUAGE_STANDARD = gnu11;
				GCC_DYNAMIC_NO_PIC = NO;
				GCC_NO_COMMON_BLOCKS = YES;
				GCC_OPTIMIZATION_LEVEL = 0;
				GCC_PREPROCESSOR_DEFINITIONS = (
					"DEBUG=1",
					"$(inherited)",
				);
				GCC_WARN_64_TO_32_BIT_CONVERSION = YES;
				GCC_WARN_ABOUT_RETURN_TYPE = YES_ERROR;
				GCC_WARN_UNDECLARED_SELECTOR = YES;
				GCC_WARN_UNINITIALIZED_AUTOS = YES_AGGRESSIVE;
				GCC_WARN_UNUSED_FUNCTION = YES;
				GCC_WARN_UNUSED_VARIABLE = YES;
				IPHONEOS_DEPLOYMENT_TARGET = 11.2;
				MTL_ENABLE_DEBUG_INFO = YES;
				ONLY_ACTIVE_ARCH = YES;
				SDKROOT = iphoneos;
				SWIFT_ACTIVE_COMPILATION_CONDITIONS = DEBUG;
				SWIFT_OPTIMIZATION_LEVEL = "-Onone";
			};
			name = Debug;
		};
		2052E1392161D1F0004B8325 /* Release */ = {
			isa = XCBuildConfiguration;
			buildSettings = {
				ALWAYS_SEARCH_USER_PATHS = NO;
				CLANG_ANALYZER_NONNULL = YES;
				CLANG_ANALYZER_NUMBER_OBJECT_CONVERSION = YES_AGGRESSIVE;
				CLANG_CXX_LANGUAGE_STANDARD = "gnu++14";
				CLANG_CXX_LIBRARY = "libc++";
				CLANG_ENABLE_MODULES = YES;
				CLANG_ENABLE_OBJC_ARC = YES;
				CLANG_WARN_BLOCK_CAPTURE_AUTORELEASING = YES;
				CLANG_WARN_BOOL_CONVERSION = YES;
				CLANG_WARN_COMMA = YES;
				CLANG_WARN_CONSTANT_CONVERSION = YES;
				CLANG_WARN_DIRECT_OBJC_ISA_USAGE = YES_ERROR;
				CLANG_WARN_DOCUMENTATION_COMMENTS = YES;
				CLANG_WARN_EMPTY_BODY = YES;
				CLANG_WARN_ENUM_CONVERSION = YES;
				CLANG_WARN_INFINITE_RECURSION = YES;
				CLANG_WARN_INT_CONVERSION = YES;
				CLANG_WARN_NON_LITERAL_NULL_CONVERSION = YES;
				CLANG_WARN_OBJC_LITERAL_CONVERSION = YES;
				CLANG_WARN_OBJC_ROOT_CLASS = YES_ERROR;
				CLANG_WARN_RANGE_LOOP_ANALYSIS = YES;
				CLANG_WARN_STRICT_PROTOTYPES = YES;
				CLANG_WARN_SUSPICIOUS_MOVE = YES;
				CLANG_WARN_UNGUARDED_AVAILABILITY = YES_AGGRESSIVE;
				CLANG_WARN_UNREACHABLE_CODE = YES;
				CLANG_WARN__DUPLICATE_METHOD_MATCH = YES;
				CODE_SIGN_IDENTITY = "iPhone Developer";
				COPY_PHASE_STRIP = NO;
				DEBUG_INFORMATION_FORMAT = "dwarf-with-dsym";
				ENABLE_NS_ASSERTIONS = NO;
				ENABLE_STRICT_OBJC_MSGSEND = YES;
				GCC_C_LANGUAGE_STANDARD = gnu11;
				GCC_NO_COMMON_BLOCKS = YES;
				GCC_WARN_64_TO_32_BIT_CONVERSION = YES;
				GCC_WARN_ABOUT_RETURN_TYPE = YES_ERROR;
				GCC_WARN_UNDECLARED_SELECTOR = YES;
				GCC_WARN_UNINITIALIZED_AUTOS = YES_AGGRESSIVE;
				GCC_WARN_UNUSED_FUNCTION = YES;
				GCC_WARN_UNUSED_VARIABLE = YES;
				IPHONEOS_DEPLOYMENT_TARGET = 11.2;
				MTL_ENABLE_DEBUG_INFO = NO;
				SDKROOT = iphoneos;
				SWIFT_OPTIMIZATION_LEVEL = "-Owholemodule";
				VALIDATE_PRODUCT = YES;
			};
			name = Release;
		};
		2052E13B2161D1F0004B8325 /* Debug */ = {
			isa = XCBuildConfiguration;
			buildSettings = {
				ASSETCATALOG_COMPILER_APPICON_NAME = AppIcon;
				CODE_SIGN_STYLE = Automatic;
				INFOPLIST_FILE = Hello/Info.plist;
				LD_RUNPATH_SEARCH_PATHS = "$(inherited) @executable_path/Frameworks";
				PRODUCT_BUNDLE_IDENTIFIER = edu.uw.ashah360.Hello;
				PRODUCT_NAME = "$(TARGET_NAME)";
				SWIFT_VERSION = 4.0;
				TARGETED_DEVICE_FAMILY = "1,2";
			};
			name = Debug;
		};
		2052E13C2161D1F0004B8325 /* Release */ = {
			isa = XCBuildConfiguration;
			buildSettings = {
				ASSETCATALOG_COMPILER_APPICON_NAME = AppIcon;
				CODE_SIGN_STYLE = Automatic;
				INFOPLIST_FILE = Hello/Info.plist;
				LD_RUNPATH_SEARCH_PATHS = "$(inherited) @executable_path/Frameworks";
				PRODUCT_BUNDLE_IDENTIFIER = edu.uw.ashah360.Hello;
				PRODUCT_NAME = "$(TARGET_NAME)";
				SWIFT_VERSION = 4.0;
				TARGETED_DEVICE_FAMILY = "1,2";
			};
			name = Release;
		};
		2052E13E2161D1F0004B8325 /* Debug */ = {
			isa = XCBuildConfiguration;
			buildSettings = {
				ALWAYS_EMBED_SWIFT_STANDARD_LIBRARIES = YES;
				BUNDLE_LOADER = "$(TEST_HOST)";
				CODE_SIGN_STYLE = Automatic;
				INFOPLIST_FILE = HelloTests/Info.plist;
				LD_RUNPATH_SEARCH_PATHS = "$(inherited) @executable_path/Frameworks @loader_path/Frameworks";
				PRODUCT_BUNDLE_IDENTIFIER = edu.uw.ashah360.HelloTests;
				PRODUCT_NAME = "$(TARGET_NAME)";
				SWIFT_VERSION = 4.0;
				TARGETED_DEVICE_FAMILY = "1,2";
				TEST_HOST = "$(BUILT_PRODUCTS_DIR)/Hello.app/Hello";
			};
			name = Debug;
		};
		2052E13F2161D1F0004B8325 /* Release */ = {
			isa = XCBuildConfiguration;
			buildSettings = {
				ALWAYS_EMBED_SWIFT_STANDARD_LIBRARIES = YES;
				BUNDLE_LOADER = "$(TEST_HOST)";
				CODE_SIGN_STYLE = Automatic;
				INFOPLIST_FILE = HelloTests/Info.plist;
				LD_RUNPATH_SEARCH_PATHS = "$(inherited) @executable_path/Frameworks @loader_path/Frameworks";
				PRODUCT_BUNDLE_IDENTIFIER = edu.uw.ashah360.HelloTests;
				PRODUCT_NAME = "$(TARGET_NAME)";
				SWIFT_VERSION = 4.0;
				TARGETED_DEVICE_FAMILY = "1,2";
				TEST_HOST = "$(BUILT_PRODUCTS_DIR)/Hello.app/Hello";
			};
			name = Release;
		};
		2052E1412161D1F0004B8325 /* Debug */ = {
			isa = XCBuildConfiguration;
			buildSettings = {
				ALWAYS_EMBED_SWIFT_STANDARD_LIBRARIES = YES;
				CODE_SIGN_STYLE = Automatic;
				INFOPLIST_FILE = HelloUITests/Info.plist;
				LD_RUNPATH_SEARCH_PATHS = "$(inherited) @executable_path/Frameworks @loader_path/Frameworks";
				PRODUCT_BUNDLE_IDENTIFIER = edu.uw.ashah360.HelloUITests;
				PRODUCT_NAME = "$(TARGET_NAME)";
				SWIFT_VERSION = 4.0;
				TARGETED_DEVICE_FAMILY = "1,2";
				TEST_TARGET_NAME = Hello;
			};
			name = Debug;
		};
		2052E1422161D1F0004B8325 /* Release */ = {
			isa = XCBuildConfiguration;
			buildSettings = {
				ALWAYS_EMBED_SWIFT_STANDARD_LIBRARIES = YES;
				CODE_SIGN_STYLE = Automatic;
				INFOPLIST_FILE = HelloUITests/Info.plist;
				LD_RUNPATH_SEARCH_PATHS = "$(inherited) @executable_path/Frameworks @loader_path/Frameworks";
				PRODUCT_BUNDLE_IDENTIFIER = edu.uw.ashah360.HelloUITests;
				PRODUCT_NAME = "$(TARGET_NAME)";
				SWIFT_VERSION = 4.0;
				TARGETED_DEVICE_FAMILY = "1,2";
				TEST_TARGET_NAME = Hello;
			};
			name = Release;
		};
/* End XCBuildConfiguration section */

/* Begin XCConfigurationList section */
		2052E10D2161D1EF004B8325 /* Build configuration list for PBXProject "Hello" */ = {
			isa = XCConfigurationList;
			buildConfigurations = (
				2052E1382161D1F0004B8325 /* Debug */,
				2052E1392161D1F0004B8325 /* Release */,
			);
			defaultConfigurationIsVisible = 0;
			defaultConfigurationName = Release;
		};
		2052E13A2161D1F0004B8325 /* Build configuration list for PBXNativeTarget "Hello" */ = {
			isa = XCConfigurationList;
			buildConfigurations = (
				2052E13B2161D1F0004B8325 /* Debug */,
				2052E13C2161D1F0004B8325 /* Release */,
			);
			defaultConfigurationIsVisible = 0;
			defaultConfigurationName = Release;
		};
		2052E13D2161D1F0004B8325 /* Build configuration list for PBXNativeTarget "HelloTests" */ = {
			isa = XCConfigurationList;
			buildConfigurations = (
				2052E13E2161D1F0004B8325 /* Debug */,
				2052E13F2161D1F0004B8325 /* Release */,
			);
			defaultConfigurationIsVisible = 0;
			defaultConfigurationName = Release;
		};
		2052E1402161D1F0004B8325 /* Build configuration list for PBXNativeTarget "HelloUITests" */ = {
			isa = XCConfigurationList;
			buildConfigurations = (
				2052E1412161D1F0004B8325 /* Debug */,
				2052E1422161D1F0004B8325 /* Release */,
			);
			defaultConfigurationIsVisible = 0;
			defaultConfigurationName = Release;
		};
/* End XCConfigurationList section */
	};
	rootObject = 2052E10A2161D1EF004B8325 /* Project object */;
}
